PODS:
  - Flutter (1.0.0)
  - MSAL (1.6.1):
    - MSAL/app-lib (= 1.6.1)
  - MSAL/app-lib (1.6.1)
  - msal_auth (1.0.0):
    - Flutter
    - MSAL (~> 1.6.1)

DEPENDENCIES:
  - Flutter (from `Flutter`)
  - msal_auth (from `.symlinks/plugins/msal_auth/ios`)

SPEC REPOS:
  trunk:
    - MSAL

EXTERNAL SOURCES:
  Flutter:
    :path: Flutter
  msal_auth:
    :path: ".symlinks/plugins/msal_auth/ios"

SPEC CHECKSUMS:
  Flutter: e0871f40cf51350855a761d2e70bf5af5b9b5de7
  MSAL: 1b729b879b095da48e24e63a88de4ef4383f6489
  msal_auth: d042906509afd4d104a1bb34c71699fd53b4395c

PODFILE CHECKSUM: 1959d098c91d8a792531a723c4a9d7e9f6a01e38

COCOAPODS: 1.16.2
