PODS:
  - Flutter (1.0.0)
  - MSAL (2.2.0):
    - MSAL/app-lib (= 2.2.0)
  - MSAL/app-lib (2.2.0)
  - msal_auth (2.0.2):
    - Flutter
    - MSAL (~> 2.2.0)

DEPENDENCIES:
  - Flutter (from `Flutter`)
  - msal_auth (from `.symlinks/plugins/msal_auth/ios`)

SPEC REPOS:
  trunk:
    - MSAL

EXTERNAL SOURCES:
  Flutter:
    :path: Flutter
  msal_auth:
    :path: ".symlinks/plugins/msal_auth/ios"

SPEC CHECKSUMS:
  Flutter: cabc95a1d2626b1b06e7179b784ebcf0c0cde467
  MSAL: 1b729b879b095da48e24e63a88de4ef4383f6489
  msal_auth: 806b15178565ad2e5e15f1f9b003ff6ef964f6c1

PODFILE CHECKSUM: 1959d098c91d8a792531a723c4a9d7e9f6a01e38

COCOAPODS: 1.16.2
