{
  "pins" : [
    {
      "identity" : "microsoft-authentication-library-for-objc",
      "kind" : "remoteSourceControl",
      "location" : "https://github.com/AzureAD/microsoft-authentication-library-for-objc",
      "state" : {
        "revision" : "6ec4d48696fc254f96e1be59f503251effa8b4a7",
        "version" : "2.14.1"
      }
    }
  ],
  "version" : 2
}
