{
  "pins" : [
    {
      "identity" : "microsoft-authentication-library-for-objc",
      "kind" : "remoteSourceControl",
      "location" : "https://github.com/AzureAD/microsoft-authentication-library-for-objc",
      "state" : {
        "revision" : "7eef81750133eb1ea002da3d11c2bf9a6e3dc8ae",
        "version" : "2.11.0"
      }
    }
  ],
  "version" : 2
}
