PODS:
  - FlutterMacOS (1.0.0)
  - MSAL (2.2.0):
    - MSAL/app-lib (= 2.2.0)
  - MSAL/app-lib (2.2.0)
  - msal_auth (0.0.2):
    - FlutterMacOS
    - MSAL (~> 2.2.0)

DEPENDENCIES:
  - FlutterMacOS (from `Flutter/ephemeral`)
  - msal_auth (from `Flutter/ephemeral/.symlinks/plugins/msal_auth/macos`)

SPEC REPOS:
  trunk:
    - MSAL

EXTERNAL SOURCES:
  FlutterMacOS:
    :path: Flutter/ephemeral
  msal_auth:
    :path: Flutter/ephemeral/.symlinks/plugins/msal_auth/macos

SPEC CHECKSUMS:
  FlutterMacOS: d0db08ddef1a9af05a5ec4b724367152bb0500b1
  MSAL: 1b729b879b095da48e24e63a88de4ef4383f6489
  msal_auth: c6c76164c9eeb7f081a87f7a0b297c14f5d11a80

PODFILE CHECKSUM: 9ebaf0ce3d369aaa26a9ea0e159195ed94724cf3

COCOAPODS: 1.16.2
