PODS:
  - FlutterMacOS (1.0.0)
  - MSAL (1.7.0):
    - MSAL/app-lib (= 1.7.0)
  - MSAL/app-lib (1.7.0)
  - msal_auth (0.0.2):
    - FlutterMacOS
    - MSAL (~> 1.7.0)

DEPENDENCIES:
  - FlutterMacOS (from `Flutter/ephemeral`)
  - msal_auth (from `Flutter/ephemeral/.symlinks/plugins/msal_auth/macos`)

SPEC REPOS:
  trunk:
    - MSAL

EXTERNAL SOURCES:
  FlutterMacOS:
    :path: Flutter/ephemeral
  msal_auth:
    :path: Flutter/ephemeral/.symlinks/plugins/msal_auth/macos

SPEC CHECKSUMS:
  FlutterMacOS: 8f6f14fa908a6fb3fba0cd85dbd81ec4b251fb24
  MSAL: 088bc688c1ce1a62f0d9c13905ddb31f8f1ac700
  msal_auth: 567086871815740ad08a50aaf6164fa00ddf744e

PODFILE CHECKSUM: 9ebaf0ce3d369aaa26a9ea0e159195ed94724cf3

COCOAPODS: 1.16.2
